
Microsoft Visual Studio Solution File, Format Version 12.00
# Visual Studio 14
VisualStudioVersion = 14.0.25123.0
MinimumVisualStudioVersion = 10.0.40219.1
Project("{FAE04EC0-301F-11D3-BF4B-00C04F79EFBC}") = "Nautilus_RPI", "Nautilus_RPI\Nautilus_RPI.csproj", "{FA60EF30-F9B8-4BE1-BAB2-7CE0DE3AF373}"
EndProject
Project("{2150E333-8FDC-42A3-9474-1A3956D46DE8}") = "Solution Items", "Solution Items", "{5A096A69-7D70-4B48-9A38-0955098BBE81}"
EndProject
Global
	GlobalSection(SolutionConfigurationPlatforms) = preSolution
		Debug|Any CPU = Debug|Any CPU
		Release|Any CPU = Release|Any CPU
	EndGlobalSection
	GlobalSection(ProjectConfigurationPlatforms) = postSolution
		{FA60EF30-F9B8-4BE1-BAB2-7CE0DE3AF373}.Debug|Any CPU.ActiveCfg = Debug|Any CPU
		{FA60EF30-F9B8-4BE1-BAB2-7CE0DE3AF373}.Debug|Any CPU.Build.0 = Debug|Any CPU
		{FA60EF30-F9B8-4BE1-BAB2-7CE0DE3AF373}.Release|Any CPU.ActiveCfg = Release|Any CPU
		{FA60EF30-F9B8-4BE1-BAB2-7CE0DE3AF373}.Release|Any CPU.Build.0 = Release|Any CPU
	EndGlobalSection
	GlobalSection(SolutionProperties) = preSolution
		HideSolutionNode = FALSE
	EndGlobalSection
EndGlobal
